
Microsoft Visual Studio Solution File, Format Version 12.00
# Visual Studio 15
VisualStudioVersion = 15.0.26403.7
MinimumVisualStudioVersion = 10.0.40219.1
Project("{D954291E-2A0B-460D-934E-DC6B0785DB48}") = "QuotesExample", "QuotesExample\QuotesExample\QuotesExample.shproj", "{4E5F051C-B226-431A-8B75-4E2B37F01E19}"
EndProject
Project("{FAE04EC0-301F-11D3-BF4B-00C04F79EFBC}") = "QuotesExample.Android", "QuotesExample\QuotesExample.Android\QuotesExample.Android.csproj", "{3CDD47C0-755D-450A-9D0C-16FE3DAF2010}"
EndProject
Project("{FAE04EC0-301F-11D3-BF4B-00C04F79EFBC}") = "QuotesExample.iOS", "QuotesExample\QuotesExample.iOS\QuotesExample.iOS.csproj", "{27D981F1-C2B1-42FC-8CDB-5EC65D0844E7}"
EndProject
Project("{FAE04EC0-301F-11D3-BF4B-00C04F79EFBC}") = "QuotesExample.UWP", "QuotesExample\QuotesExample.UWP\QuotesExample.UWP.csproj", "{79124773-871A-4303-85CD-A929B19B9CBA}"
EndProject
Global
	GlobalSection(SharedMSBuildProjectFiles) = preSolution
		QuotesExample\QuotesExample\QuotesExample.projitems*{27d981f1-c2b1-42fc-8cdb-5ec65d0844e7}*SharedItemsImports = 4
		QuotesExample\QuotesExample\QuotesExample.projitems*{3cdd47c0-755d-450a-9d0c-16fe3daf2010}*SharedItemsImports = 4
		QuotesExample\QuotesExample\QuotesExample.projitems*{4e5f051c-b226-431a-8b75-4e2b37f01e19}*SharedItemsImports = 13
		QuotesExample\QuotesExample\QuotesExample.projitems*{79124773-871a-4303-85cd-a929b19b9cba}*SharedItemsImports = 4
	EndGlobalSection
	GlobalSection(SolutionConfigurationPlatforms) = preSolution
		Ad-Hoc|Any CPU = Ad-Hoc|Any CPU
		Ad-Hoc|ARM = Ad-Hoc|ARM
		Ad-Hoc|iPhone = Ad-Hoc|iPhone
		Ad-Hoc|iPhoneSimulator = Ad-Hoc|iPhoneSimulator
		Ad-Hoc|x64 = Ad-Hoc|x64
		Ad-Hoc|x86 = Ad-Hoc|x86
		AppStore|Any CPU = AppStore|Any CPU
		AppStore|ARM = AppStore|ARM
		AppStore|iPhone = AppStore|iPhone
		AppStore|iPhoneSimulator = AppStore|iPhoneSimulator
		AppStore|x64 = AppStore|x64
		AppStore|x86 = AppStore|x86
		Debug|Any CPU = Debug|Any CPU
		Debug|ARM = Debug|ARM
		Debug|iPhone = Debug|iPhone
		Debug|iPhoneSimulator = Debug|iPhoneSimulator
		Debug|x64 = Debug|x64
		Debug|x86 = Debug|x86
		Release|Any CPU = Release|Any CPU
		Release|ARM = Release|ARM
		Release|iPhone = Release|iPhone
		Release|iPhoneSimulator = Release|iPhoneSimulator
		Release|x64 = Release|x64
		Release|x86 = Release|x86
	EndGlobalSection
	GlobalSection(ProjectConfigurationPlatforms) = postSolution
		{3CDD47C0-755D-450A-9D0C-16FE3DAF2010}.Ad-Hoc|Any CPU.ActiveCfg = Release|Any CPU
		{3CDD47C0-755D-450A-9D0C-16FE3DAF2010}.Ad-Hoc|Any CPU.Build.0 = Release|Any CPU
		{3CDD47C0-755D-450A-9D0C-16FE3DAF2010}.Ad-Hoc|Any CPU.Deploy.0 = Release|Any CPU
		{3CDD47C0-755D-450A-9D0C-16FE3DAF2010}.Ad-Hoc|ARM.ActiveCfg = Release|Any CPU
		{3CDD47C0-755D-450A-9D0C-16FE3DAF2010}.Ad-Hoc|ARM.Build.0 = Release|Any CPU
		{3CDD47C0-755D-450A-9D0C-16FE3DAF2010}.Ad-Hoc|ARM.Deploy.0 = Release|Any CPU
		{3CDD47C0-755D-450A-9D0C-16FE3DAF2010}.Ad-Hoc|iPhone.ActiveCfg = Release|Any CPU
		{3CDD47C0-755D-450A-9D0C-16FE3DAF2010}.Ad-Hoc|iPhone.Build.0 = Release|Any CPU
		{3CDD47C0-755D-450A-9D0C-16FE3DAF2010}.Ad-Hoc|iPhone.Deploy.0 = Release|Any CPU
		{3CDD47C0-755D-450A-9D0C-16FE3DAF2010}.Ad-Hoc|iPhoneSimulator.ActiveCfg = Release|Any CPU
		{3CDD47C0-755D-450A-9D0C-16FE3DAF2010}.Ad-Hoc|iPhoneSimulator.Build.0 = Release|Any CPU
		{3CDD47C0-755D-450A-9D0C-16FE3DAF2010}.Ad-Hoc|iPhoneSimulator.Deploy.0 = Release|Any CPU
		{3CDD47C0-755D-450A-9D0C-16FE3DAF2010}.Ad-Hoc|x64.ActiveCfg = Release|Any CPU
		{3CDD47C0-755D-450A-9D0C-16FE3DAF2010}.Ad-Hoc|x64.Build.0 = Release|Any CPU
		{3CDD47C0-755D-450A-9D0C-16FE3DAF2010}.Ad-Hoc|x64.Deploy.0 = Release|Any CPU
		{3CDD47C0-755D-450A-9D0C-16FE3DAF2010}.Ad-Hoc|x86.ActiveCfg = Release|Any CPU
		{3CDD47C0-755D-450A-9D0C-16FE3DAF2010}.Ad-Hoc|x86.Build.0 = Release|Any CPU
		{3CDD47C0-755D-450A-9D0C-16FE3DAF2010}.Ad-Hoc|x86.Deploy.0 = Release|Any CPU
		{3CDD47C0-755D-450A-9D0C-16FE3DAF2010}.AppStore|Any CPU.ActiveCfg = Release|Any CPU
		{3CDD47C0-755D-450A-9D0C-16FE3DAF2010}.AppStore|Any CPU.Build.0 = Release|Any CPU
		{3CDD47C0-755D-450A-9D0C-16FE3DAF2010}.AppStore|Any CPU.Deploy.0 = Release|Any CPU
		{3CDD47C0-755D-450A-9D0C-16FE3DAF2010}.AppStore|ARM.ActiveCfg = Release|Any CPU
		{3CDD47C0-755D-450A-9D0C-16FE3DAF2010}.AppStore|ARM.Build.0 = Release|Any CPU
		{3CDD47C0-755D-450A-9D0C-16FE3DAF2010}.AppStore|ARM.Deploy.0 = Release|Any CPU
		{3CDD47C0-755D-450A-9D0C-16FE3DAF2010}.AppStore|iPhone.ActiveCfg = Release|Any CPU
		{3CDD47C0-755D-450A-9D0C-16FE3DAF2010}.AppStore|iPhone.Build.0 = Release|Any CPU
		{3CDD47C0-755D-450A-9D0C-16FE3DAF2010}.AppStore|iPhone.Deploy.0 = Release|Any CPU
		{3CDD47C0-755D-450A-9D0C-16FE3DAF2010}.AppStore|iPhoneSimulator.ActiveCfg = Release|Any CPU
		{3CDD47C0-755D-450A-9D0C-16FE3DAF2010}.AppStore|iPhoneSimulator.Build.0 = Release|Any CPU
		{3CDD47C0-755D-450A-9D0C-16FE3DAF2010}.AppStore|iPhoneSimulator.Deploy.0 = Release|Any CPU
		{3CDD47C0-755D-450A-9D0C-16FE3DAF2010}.AppStore|x64.ActiveCfg = Release|Any CPU
		{3CDD47C0-755D-450A-9D0C-16FE3DAF2010}.AppStore|x64.Build.0 = Release|Any CPU
		{3CDD47C0-755D-450A-9D0C-16FE3DAF2010}.AppStore|x64.Deploy.0 = Release|Any CPU
		{3CDD47C0-755D-450A-9D0C-16FE3DAF2010}.AppStore|x86.ActiveCfg = Release|Any CPU
		{3CDD47C0-755D-450A-9D0C-16FE3DAF2010}.AppStore|x86.Build.0 = Release|Any CPU
		{3CDD47C0-755D-450A-9D0C-16FE3DAF2010}.AppStore|x86.Deploy.0 = Release|Any CPU
		{3CDD47C0-755D-450A-9D0C-16FE3DAF2010}.Debug|Any CPU.ActiveCfg = Debug|Any CPU
		{3CDD47C0-755D-450A-9D0C-16FE3DAF2010}.Debug|Any CPU.Build.0 = Debug|Any CPU
		{3CDD47C0-755D-450A-9D0C-16FE3DAF2010}.Debug|Any CPU.Deploy.0 = Debug|Any CPU
		{3CDD47C0-755D-450A-9D0C-16FE3DAF2010}.Debug|ARM.ActiveCfg = Debug|Any CPU
		{3CDD47C0-755D-450A-9D0C-16FE3DAF2010}.Debug|ARM.Build.0 = Debug|Any CPU
		{3CDD47C0-755D-450A-9D0C-16FE3DAF2010}.Debug|ARM.Deploy.0 = Debug|Any CPU
		{3CDD47C0-755D-450A-9D0C-16FE3DAF2010}.Debug|iPhone.ActiveCfg = Debug|Any CPU
		{3CDD47C0-755D-450A-9D0C-16FE3DAF2010}.Debug|iPhone.Build.0 = Debug|Any CPU
		{3CDD47C0-755D-450A-9D0C-16FE3DAF2010}.Debug|iPhone.Deploy.0 = Debug|Any CPU
		{3CDD47C0-755D-450A-9D0C-16FE3DAF2010}.Debug|iPhoneSimulator.ActiveCfg = Debug|Any CPU
		{3CDD47C0-755D-450A-9D0C-16FE3DAF2010}.Debug|iPhoneSimulator.Build.0 = Debug|Any CPU
		{3CDD47C0-755D-450A-9D0C-16FE3DAF2010}.Debug|iPhoneSimulator.Deploy.0 = Debug|Any CPU
		{3CDD47C0-755D-450A-9D0C-16FE3DAF2010}.Debug|x64.ActiveCfg = Debug|Any CPU
		{3CDD47C0-755D-450A-9D0C-16FE3DAF2010}.Debug|x64.Build.0 = Debug|Any CPU
		{3CDD47C0-755D-450A-9D0C-16FE3DAF2010}.Debug|x64.Deploy.0 = Debug|Any CPU
		{3CDD47C0-755D-450A-9D0C-16FE3DAF2010}.Debug|x86.ActiveCfg = Debug|Any CPU
		{3CDD47C0-755D-450A-9D0C-16FE3DAF2010}.Debug|x86.Build.0 = Debug|Any CPU
		{3CDD47C0-755D-450A-9D0C-16FE3DAF2010}.Debug|x86.Deploy.0 = Debug|Any CPU
		{3CDD47C0-755D-450A-9D0C-16FE3DAF2010}.Release|Any CPU.ActiveCfg = Release|Any CPU
		{3CDD47C0-755D-450A-9D0C-16FE3DAF2010}.Release|Any CPU.Build.0 = Release|Any CPU
		{3CDD47C0-755D-450A-9D0C-16FE3DAF2010}.Release|Any CPU.Deploy.0 = Release|Any CPU
		{3CDD47C0-755D-450A-9D0C-16FE3DAF2010}.Release|ARM.ActiveCfg = Release|Any CPU
		{3CDD47C0-755D-450A-9D0C-16FE3DAF2010}.Release|ARM.Build.0 = Release|Any CPU
		{3CDD47C0-755D-450A-9D0C-16FE3DAF2010}.Release|ARM.Deploy.0 = Release|Any CPU
		{3CDD47C0-755D-450A-9D0C-16FE3DAF2010}.Release|iPhone.ActiveCfg = Release|Any CPU
		{3CDD47C0-755D-450A-9D0C-16FE3DAF2010}.Release|iPhone.Build.0 = Release|Any CPU
		{3CDD47C0-755D-450A-9D0C-16FE3DAF2010}.Release|iPhone.Deploy.0 = Release|Any CPU
		{3CDD47C0-755D-450A-9D0C-16FE3DAF2010}.Release|iPhoneSimulator.ActiveCfg = Release|Any CPU
		{3CDD47C0-755D-450A-9D0C-16FE3DAF2010}.Release|iPhoneSimulator.Build.0 = Release|Any CPU
		{3CDD47C0-755D-450A-9D0C-16FE3DAF2010}.Release|iPhoneSimulator.Deploy.0 = Release|Any CPU
		{3CDD47C0-755D-450A-9D0C-16FE3DAF2010}.Release|x64.ActiveCfg = Release|Any CPU
		{3CDD47C0-755D-450A-9D0C-16FE3DAF2010}.Release|x64.Build.0 = Release|Any CPU
		{3CDD47C0-755D-450A-9D0C-16FE3DAF2010}.Release|x64.Deploy.0 = Release|Any CPU
		{3CDD47C0-755D-450A-9D0C-16FE3DAF2010}.Release|x86.ActiveCfg = Release|Any CPU
		{3CDD47C0-755D-450A-9D0C-16FE3DAF2010}.Release|x86.Build.0 = Release|Any CPU
		{3CDD47C0-755D-450A-9D0C-16FE3DAF2010}.Release|x86.Deploy.0 = Release|Any CPU
		{27D981F1-C2B1-42FC-8CDB-5EC65D0844E7}.Ad-Hoc|Any CPU.ActiveCfg = Ad-Hoc|iPhone
		{27D981F1-C2B1-42FC-8CDB-5EC65D0844E7}.Ad-Hoc|ARM.ActiveCfg = Ad-Hoc|iPhone
		{27D981F1-C2B1-42FC-8CDB-5EC65D0844E7}.Ad-Hoc|iPhone.ActiveCfg = Ad-Hoc|iPhone
		{27D981F1-C2B1-42FC-8CDB-5EC65D0844E7}.Ad-Hoc|iPhone.Build.0 = Ad-Hoc|iPhone
		{27D981F1-C2B1-42FC-8CDB-5EC65D0844E7}.Ad-Hoc|iPhoneSimulator.ActiveCfg = Ad-Hoc|iPhoneSimulator
		{27D981F1-C2B1-42FC-8CDB-5EC65D0844E7}.Ad-Hoc|iPhoneSimulator.Build.0 = Ad-Hoc|iPhoneSimulator
		{27D981F1-C2B1-42FC-8CDB-5EC65D0844E7}.Ad-Hoc|x64.ActiveCfg = Ad-Hoc|iPhone
		{27D981F1-C2B1-42FC-8CDB-5EC65D0844E7}.Ad-Hoc|x86.ActiveCfg = Ad-Hoc|iPhone
		{27D981F1-C2B1-42FC-8CDB-5EC65D0844E7}.AppStore|Any CPU.ActiveCfg = AppStore|iPhone
		{27D981F1-C2B1-42FC-8CDB-5EC65D0844E7}.AppStore|ARM.ActiveCfg = AppStore|iPhone
		{27D981F1-C2B1-42FC-8CDB-5EC65D0844E7}.AppStore|iPhone.ActiveCfg = AppStore|iPhone
		{27D981F1-C2B1-42FC-8CDB-5EC65D0844E7}.AppStore|iPhone.Build.0 = AppStore|iPhone
		{27D981F1-C2B1-42FC-8CDB-5EC65D0844E7}.AppStore|iPhoneSimulator.ActiveCfg = AppStore|iPhoneSimulator
		{27D981F1-C2B1-42FC-8CDB-5EC65D0844E7}.AppStore|iPhoneSimulator.Build.0 = AppStore|iPhoneSimulator
		{27D981F1-C2B1-42FC-8CDB-5EC65D0844E7}.AppStore|x64.ActiveCfg = AppStore|iPhone
		{27D981F1-C2B1-42FC-8CDB-5EC65D0844E7}.AppStore|x86.ActiveCfg = AppStore|iPhone
		{27D981F1-C2B1-42FC-8CDB-5EC65D0844E7}.Debug|Any CPU.ActiveCfg = Debug|iPhone
		{27D981F1-C2B1-42FC-8CDB-5EC65D0844E7}.Debug|ARM.ActiveCfg = Debug|iPhone
		{27D981F1-C2B1-42FC-8CDB-5EC65D0844E7}.Debug|iPhone.ActiveCfg = Debug|iPhone
		{27D981F1-C2B1-42FC-8CDB-5EC65D0844E7}.Debug|iPhone.Build.0 = Debug|iPhone
		{27D981F1-C2B1-42FC-8CDB-5EC65D0844E7}.Debug|iPhoneSimulator.ActiveCfg = Debug|iPhoneSimulator
		{27D981F1-C2B1-42FC-8CDB-5EC65D0844E7}.Debug|iPhoneSimulator.Build.0 = Debug|iPhoneSimulator
		{27D981F1-C2B1-42FC-8CDB-5EC65D0844E7}.Debug|x64.ActiveCfg = Debug|iPhone
		{27D981F1-C2B1-42FC-8CDB-5EC65D0844E7}.Debug|x86.ActiveCfg = Debug|iPhone
		{27D981F1-C2B1-42FC-8CDB-5EC65D0844E7}.Release|Any CPU.ActiveCfg = Release|iPhone
		{27D981F1-C2B1-42FC-8CDB-5EC65D0844E7}.Release|ARM.ActiveCfg = Release|iPhone
		{27D981F1-C2B1-42FC-8CDB-5EC65D0844E7}.Release|iPhone.ActiveCfg = Release|iPhone
		{27D981F1-C2B1-42FC-8CDB-5EC65D0844E7}.Release|iPhone.Build.0 = Release|iPhone
		{27D981F1-C2B1-42FC-8CDB-5EC65D0844E7}.Release|iPhoneSimulator.ActiveCfg = Release|iPhoneSimulator
		{27D981F1-C2B1-42FC-8CDB-5EC65D0844E7}.Release|iPhoneSimulator.Build.0 = Release|iPhoneSimulator
		{27D981F1-C2B1-42FC-8CDB-5EC65D0844E7}.Release|x64.ActiveCfg = Release|iPhone
		{27D981F1-C2B1-42FC-8CDB-5EC65D0844E7}.Release|x86.ActiveCfg = Release|iPhone
		{79124773-871A-4303-85CD-A929B19B9CBA}.Ad-Hoc|Any CPU.ActiveCfg = Release|x86
		{79124773-871A-4303-85CD-A929B19B9CBA}.Ad-Hoc|Any CPU.Build.0 = Release|x86
		{79124773-871A-4303-85CD-A929B19B9CBA}.Ad-Hoc|Any CPU.Deploy.0 = Release|x86
		{79124773-871A-4303-85CD-A929B19B9CBA}.Ad-Hoc|ARM.ActiveCfg = Release|ARM
		{79124773-871A-4303-85CD-A929B19B9CBA}.Ad-Hoc|ARM.Build.0 = Release|ARM
		{79124773-871A-4303-85CD-A929B19B9CBA}.Ad-Hoc|ARM.Deploy.0 = Release|ARM
		{79124773-871A-4303-85CD-A929B19B9CBA}.Ad-Hoc|iPhone.ActiveCfg = Release|x86
		{79124773-871A-4303-85CD-A929B19B9CBA}.Ad-Hoc|iPhone.Build.0 = Release|x86
		{79124773-871A-4303-85CD-A929B19B9CBA}.Ad-Hoc|iPhone.Deploy.0 = Release|x86
		{79124773-871A-4303-85CD-A929B19B9CBA}.Ad-Hoc|iPhoneSimulator.ActiveCfg = Release|x86
		{79124773-871A-4303-85CD-A929B19B9CBA}.Ad-Hoc|iPhoneSimulator.Build.0 = Release|x86
		{79124773-871A-4303-85CD-A929B19B9CBA}.Ad-Hoc|iPhoneSimulator.Deploy.0 = Release|x86
		{79124773-871A-4303-85CD-A929B19B9CBA}.Ad-Hoc|x64.ActiveCfg = Release|x64
		{79124773-871A-4303-85CD-A929B19B9CBA}.Ad-Hoc|x64.Build.0 = Release|x64
		{79124773-871A-4303-85CD-A929B19B9CBA}.Ad-Hoc|x64.Deploy.0 = Release|x64
		{79124773-871A-4303-85CD-A929B19B9CBA}.Ad-Hoc|x86.ActiveCfg = Release|x86
		{79124773-871A-4303-85CD-A929B19B9CBA}.Ad-Hoc|x86.Build.0 = Release|x86
		{79124773-871A-4303-85CD-A929B19B9CBA}.Ad-Hoc|x86.Deploy.0 = Release|x86
		{79124773-871A-4303-85CD-A929B19B9CBA}.AppStore|Any CPU.ActiveCfg = Release|x86
		{79124773-871A-4303-85CD-A929B19B9CBA}.AppStore|Any CPU.Build.0 = Release|x86
		{79124773-871A-4303-85CD-A929B19B9CBA}.AppStore|Any CPU.Deploy.0 = Release|x86
		{79124773-871A-4303-85CD-A929B19B9CBA}.AppStore|ARM.ActiveCfg = Release|ARM
		{79124773-871A-4303-85CD-A929B19B9CBA}.AppStore|ARM.Build.0 = Release|ARM
		{79124773-871A-4303-85CD-A929B19B9CBA}.AppStore|ARM.Deploy.0 = Release|ARM
		{79124773-871A-4303-85CD-A929B19B9CBA}.AppStore|iPhone.ActiveCfg = Release|x86
		{79124773-871A-4303-85CD-A929B19B9CBA}.AppStore|iPhone.Build.0 = Release|x86
		{79124773-871A-4303-85CD-A929B19B9CBA}.AppStore|iPhone.Deploy.0 = Release|x86
		{79124773-871A-4303-85CD-A929B19B9CBA}.AppStore|iPhoneSimulator.ActiveCfg = Release|x86
		{79124773-871A-4303-85CD-A929B19B9CBA}.AppStore|iPhoneSimulator.Build.0 = Release|x86
		{79124773-871A-4303-85CD-A929B19B9CBA}.AppStore|iPhoneSimulator.Deploy.0 = Release|x86
		{79124773-871A-4303-85CD-A929B19B9CBA}.AppStore|x64.ActiveCfg = Release|x64
		{79124773-871A-4303-85CD-A929B19B9CBA}.AppStore|x64.Build.0 = Release|x64
		{79124773-871A-4303-85CD-A929B19B9CBA}.AppStore|x64.Deploy.0 = Release|x64
		{79124773-871A-4303-85CD-A929B19B9CBA}.AppStore|x86.ActiveCfg = Release|x86
		{79124773-871A-4303-85CD-A929B19B9CBA}.AppStore|x86.Build.0 = Release|x86
		{79124773-871A-4303-85CD-A929B19B9CBA}.AppStore|x86.Deploy.0 = Release|x86
		{79124773-871A-4303-85CD-A929B19B9CBA}.Debug|Any CPU.ActiveCfg = Debug|x86
		{79124773-871A-4303-85CD-A929B19B9CBA}.Debug|Any CPU.Build.0 = Debug|x86
		{79124773-871A-4303-85CD-A929B19B9CBA}.Debug|Any CPU.Deploy.0 = Debug|x86
		{79124773-871A-4303-85CD-A929B19B9CBA}.Debug|ARM.ActiveCfg = Debug|ARM
		{79124773-871A-4303-85CD-A929B19B9CBA}.Debug|ARM.Build.0 = Debug|ARM
		{79124773-871A-4303-85CD-A929B19B9CBA}.Debug|ARM.Deploy.0 = Debug|ARM
		{79124773-871A-4303-85CD-A929B19B9CBA}.Debug|iPhone.ActiveCfg = Debug|x86
		{79124773-871A-4303-85CD-A929B19B9CBA}.Debug|iPhoneSimulator.ActiveCfg = Debug|x86
		{79124773-871A-4303-85CD-A929B19B9CBA}.Debug|x64.ActiveCfg = Debug|x64
		{79124773-871A-4303-85CD-A929B19B9CBA}.Debug|x64.Build.0 = Debug|x64
		{79124773-871A-4303-85CD-A929B19B9CBA}.Debug|x64.Deploy.0 = Debug|x64
		{79124773-871A-4303-85CD-A929B19B9CBA}.Debug|x86.ActiveCfg = Debug|x86
		{79124773-871A-4303-85CD-A929B19B9CBA}.Debug|x86.Build.0 = Debug|x86
		{79124773-871A-4303-85CD-A929B19B9CBA}.Debug|x86.Deploy.0 = Debug|x86
		{79124773-871A-4303-85CD-A929B19B9CBA}.Release|Any CPU.ActiveCfg = Release|x86
		{79124773-871A-4303-85CD-A929B19B9CBA}.Release|ARM.ActiveCfg = Release|ARM
		{79124773-871A-4303-85CD-A929B19B9CBA}.Release|ARM.Build.0 = Release|ARM
		{79124773-871A-4303-85CD-A929B19B9CBA}.Release|ARM.Deploy.0 = Release|ARM
		{79124773-871A-4303-85CD-A929B19B9CBA}.Release|iPhone.ActiveCfg = Release|x86
		{79124773-871A-4303-85CD-A929B19B9CBA}.Release|iPhoneSimulator.ActiveCfg = Release|x86
		{79124773-871A-4303-85CD-A929B19B9CBA}.Release|x64.ActiveCfg = Release|x64
		{79124773-871A-4303-85CD-A929B19B9CBA}.Release|x64.Build.0 = Release|x64
		{79124773-871A-4303-85CD-A929B19B9CBA}.Release|x64.Deploy.0 = Release|x64
		{79124773-871A-4303-85CD-A929B19B9CBA}.Release|x86.ActiveCfg = Release|x86
		{79124773-871A-4303-85CD-A929B19B9CBA}.Release|x86.Build.0 = Release|x86
		{79124773-871A-4303-85CD-A929B19B9CBA}.Release|x86.Deploy.0 = Release|x86
	EndGlobalSection
	GlobalSection(SolutionProperties) = preSolution
		HideSolutionNode = FALSE
	EndGlobalSection
EndGlobal
